
Microsoft Visual Studio Solution File, Format Version 12.00
# Visual Studio Version 16
VisualStudioVersion = 16.0.30204.135
MinimumVisualStudioVersion = 10.0.40219.1
Project("{9A19103F-16F7-4668-BE54-9A1E7A4F7556}") = "EFCore.Domain", "EFCore.Domain\EFCore.Domain.csproj", "{A6575718-3165-4678-91C7-803402E7D458}"
EndProject
Project("{9A19103F-16F7-4668-BE54-9A1E7A4F7556}") = "EFCore.Data", "EFCore.Data\EFCore.Data.csproj", "{A01EE120-EB78-4E41-A4BC-15C2637698EE}"
EndProject
Project("{9A19103F-16F7-4668-BE54-9A1E7A4F7556}") = "Tests", "Tests\Tests.csproj", "{B36E8B41-72DC-42FC-82D7-1B4710579120}"
EndProject
Project("{9A19103F-16F7-4668-BE54-9A1E7A4F7556}") = "ConsoleApp", "ConsoleApp\ConsoleApp.csproj", "{B80F8E33-B9E1-4D2F-B081-D534F173981F}"
EndProject
Project("{FAE04EC0-301F-11D3-BF4B-00C04F79EFBC}") = "EFCore.App", "EFCore.App\EFCore.App.csproj", "{319A9C8C-9FAE-4124-9E10-E8799671367F}"
EndProject
Global
	GlobalSection(SolutionConfigurationPlatforms) = preSolution
		Debug|Any CPU = Debug|Any CPU
		Release|Any CPU = Release|Any CPU
	EndGlobalSection
	GlobalSection(ProjectConfigurationPlatforms) = postSolution
		{A6575718-3165-4678-91C7-803402E7D458}.Debug|Any CPU.ActiveCfg = Debug|Any CPU
		{A6575718-3165-4678-91C7-803402E7D458}.Debug|Any CPU.Build.0 = Debug|Any CPU
		{A6575718-3165-4678-91C7-803402E7D458}.Release|Any CPU.ActiveCfg = Release|Any CPU
		{A6575718-3165-4678-91C7-803402E7D458}.Release|Any CPU.Build.0 = Release|Any CPU
		{A01EE120-EB78-4E41-A4BC-15C2637698EE}.Debug|Any CPU.ActiveCfg = Debug|Any CPU
		{A01EE120-EB78-4E41-A4BC-15C2637698EE}.Debug|Any CPU.Build.0 = Debug|Any CPU
		{A01EE120-EB78-4E41-A4BC-15C2637698EE}.Release|Any CPU.ActiveCfg = Release|Any CPU
		{A01EE120-EB78-4E41-A4BC-15C2637698EE}.Release|Any CPU.Build.0 = Release|Any CPU
		{B36E8B41-72DC-42FC-82D7-1B4710579120}.Debug|Any CPU.ActiveCfg = Debug|Any CPU
		{B36E8B41-72DC-42FC-82D7-1B4710579120}.Debug|Any CPU.Build.0 = Debug|Any CPU
		{B36E8B41-72DC-42FC-82D7-1B4710579120}.Release|Any CPU.ActiveCfg = Release|Any CPU
		{B36E8B41-72DC-42FC-82D7-1B4710579120}.Release|Any CPU.Build.0 = Release|Any CPU
		{B80F8E33-B9E1-4D2F-B081-D534F173981F}.Debug|Any CPU.ActiveCfg = Debug|Any CPU
		{B80F8E33-B9E1-4D2F-B081-D534F173981F}.Debug|Any CPU.Build.0 = Debug|Any CPU
		{B80F8E33-B9E1-4D2F-B081-D534F173981F}.Release|Any CPU.ActiveCfg = Release|Any CPU
		{B80F8E33-B9E1-4D2F-B081-D534F173981F}.Release|Any CPU.Build.0 = Release|Any CPU
		{319A9C8C-9FAE-4124-9E10-E8799671367F}.Debug|Any CPU.ActiveCfg = Debug|Any CPU
		{319A9C8C-9FAE-4124-9E10-E8799671367F}.Debug|Any CPU.Build.0 = Debug|Any CPU
		{319A9C8C-9FAE-4124-9E10-E8799671367F}.Release|Any CPU.ActiveCfg = Release|Any CPU
		{319A9C8C-9FAE-4124-9E10-E8799671367F}.Release|Any CPU.Build.0 = Release|Any CPU
	EndGlobalSection
	GlobalSection(SolutionProperties) = preSolution
		HideSolutionNode = FALSE
	EndGlobalSection
	GlobalSection(ExtensibilityGlobals) = postSolution
		SolutionGuid = {1F186AB0-0609-48A3-9FA0-E80348F0E69C}
	EndGlobalSection
EndGlobal
